
Microsoft Visual Studio Solution File, Format Version 12.00
# Visual Studio Version 17
VisualStudioVersion = 17.3.32825.248
MinimumVisualStudioVersion = 10.0.40219.1
Project("{FAE04EC0-301F-11D3-BF4B-00C04F79EFBC}") = "TextSplitter", "TextSplitter\TextSplitter.csproj", "{C1EF40D4-8613-489F-9C09-8D5224AD6AAE}"
EndProject
Global
	GlobalSection(SolutionConfigurationPlatforms) = preSolution
		Debug|Any CPU = Debug|Any CPU
		Release|Any CPU = Release|Any CPU
	EndGlobalSection
	GlobalSection(ProjectConfigurationPlatforms) = postSolution
		{C1EF40D4-8613-489F-9C09-8D5224AD6AAE}.Debug|Any CPU.ActiveCfg = Debug|Any CPU
		{C1EF40D4-8613-489F-9C09-8D5224AD6AAE}.Debug|Any CPU.Build.0 = Debug|Any CPU
		{C1EF40D4-8613-489F-9C09-8D5224AD6AAE}.Release|Any CPU.ActiveCfg = Release|Any CPU
		{C1EF40D4-8613-489F-9C09-8D5224AD6AAE}.Release|Any CPU.Build.0 = Release|Any CPU
	EndGlobalSection
	GlobalSection(SolutionProperties) = preSolution
		HideSolutionNode = FALSE
	EndGlobalSection
	GlobalSection(ExtensibilityGlobals) = postSolution
		SolutionGuid = {D4B4D1E3-89B0-452C-83CB-5431B820F76C}
	EndGlobalSection
EndGlobal
